// !$*UTF8*$!
{
	archiveVersion = 1;
	classes = {
	};
	objectVersion = 48;
	objects = {

/* Begin PBXBuildFile section */
		185582D61FFF2BBC00D8253C /* NotificationManager.swift in Sources */ = {isa = PBXBuildFile; fileRef = 185582D51FFF2BBC00D8253C /* NotificationManager.swift */; };
		185582D81FFF308900D8253C /* LocationPin.png in Resources */ = {isa = PBXBuildFile; fileRef = 185582D71FFF308400D8253C /* LocationPin.png */; };
		185582E01FFF5B4500D8253C /* Sia_-_Ho_Ho_Ho.aiff in Resources */ = {isa = PBXBuildFile; fileRef = 185582DF1FFF5B4300D8253C /* Sia_-_Ho_Ho_Ho.aiff */; };
		185582E21FFF67F700D8253C /* Avicii_-_The_Nights_Lyrics_HD_.aiff in Resources */ = {isa = PBXBuildFile; fileRef = 185582E11FFF67F400D8253C /* Avicii_-_The_Nights_Lyrics_HD_.aiff */; };
		1885295E1FFF279D008AFE22 /* AppDelegate.swift in Sources */ = {isa = PBXBuildFile; fileRef = 1885295D1FFF279D008AFE22 /* AppDelegate.swift */; };
		188529601FFF279D008AFE22 /* ViewController.swift in Sources */ = {isa = PBXBuildFile; fileRef = 1885295F1FFF279D008AFE22 /* ViewController.swift */; };
		188529631FFF279D008AFE22 /* Main.storyboard in Resources */ = {isa = PBXBuildFile; fileRef = 188529611FFF279D008AFE22 /* Main.storyboard */; };
		188529651FFF279D008AFE22 /* Assets.xcassets in Resources */ = {isa = PBXBuildFile; fileRef = 188529641FFF279D008AFE22 /* Assets.xcassets */; };
		188529681FFF279D008AFE22 /* LaunchScreen.storyboard in Resources */ = {isa = PBXBuildFile; fileRef = 188529661FFF279D008AFE22 /* LaunchScreen.storyboard */; };
/* End PBXBuildFile section */

/* Begin PBXFileReference section */
		185582D51FFF2BBC00D8253C /* NotificationManager.swift */ = {isa = PBXFileReference; lastKnownFileType = sourcecode.swift; path = NotificationManager.swift; sourceTree = "<group>"; };
		185582D71FFF308400D8253C /* LocationPin.png */ = {isa = PBXFileReference; lastKnownFileType = image.png; path = LocationPin.png; sourceTree = "<group>"; };
		185582DF1FFF5B4300D8253C /* Sia_-_Ho_Ho_Ho.aiff */ = {isa = PBXFileReference; lastKnownFileType = audio.aiff; path = "Sia_-_Ho_Ho_Ho.aiff"; sourceTree = "<group>"; };
		185582E11FFF67F400D8253C /* Avicii_-_The_Nights_Lyrics_HD_.aiff */ = {isa = PBXFileReference; lastKnownFileType = audio.aiff; path = "Avicii_-_The_Nights_Lyrics_HD_.aiff"; sourceTree = "<group>"; };
		1885295A1FFF279D008AFE22 /* Demo_PushNotification.app */ = {isa = PBXFileReference; explicitFileType = wrapper.application; includeInIndex = 0; path = Demo_PushNotification.app; sourceTree = BUILT_PRODUCTS_DIR; };
		1885295D1FFF279D008AFE22 /* AppDelegate.swift */ = {isa = PBXFileReference; lastKnownFileType = sourcecode.swift; path = AppDelegate.swift; sourceTree = "<group>"; };
		1885295F1FFF279D008AFE22 /* ViewController.swift */ = {isa = PBXFileReference; lastKnownFileType = sourcecode.swift; path = ViewController.swift; sourceTree = "<group>"; };
		188529621FFF279D008AFE22 /* Base */ = {isa = PBXFileReference; lastKnownFileType = file.storyboard; name = Base; path = Base.lproj/Main.storyboard; sourceTree = "<group>"; };
		188529641FFF279D008AFE22 /* Assets.xcassets */ = {isa = PBXFileReference; lastKnownFileType = folder.assetcatalog; path = Assets.xcassets; sourceTree = "<group>"; };
		188529671FFF279D008AFE22 /* Base */ = {isa = PBXFileReference; lastKnownFileType = file.storyboard; name = Base; path = Base.lproj/LaunchScreen.storyboard; sourceTree = "<group>"; };
		188529691FFF279D008AFE22 /* Info.plist */ = {isa = PBXFileReference; lastKnownFileType = text.plist.xml; path = Info.plist; sourceTree = "<group>"; };
/* End PBXFileReference section */

/* Begin PBXFrameworksBuildPhase section */
		188529571FFF279D008AFE22 /* Frameworks */ = {
			isa = PBXFrameworksBuildPhase;
			buildActionMask = 2147483647;
			files = (
			);
			runOnlyForDeploymentPostprocessing = 0;
		};
/* End PBXFrameworksBuildPhase section */

/* Begin PBXGroup section */
		188529511FFF279D008AFE22 = {
			isa = PBXGroup;
			children = (
				1885295C1FFF279D008AFE22 /* Demo_PushNotification */,
				1885295B1FFF279D008AFE22 /* Products */,
			);
			sourceTree = "<group>";
		};
		1885295B1FFF279D008AFE22 /* Products */ = {
			isa = PBXGroup;
			children = (
				1885295A1FFF279D008AFE22 /* Demo_PushNotification.app */,
			);
			name = Products;
			sourceTree = "<group>";
		};
		1885295C1FFF279D008AFE22 /* Demo_PushNotification */ = {
			isa = PBXGroup;
			children = (
				185582E11FFF67F400D8253C /* Avicii_-_The_Nights_Lyrics_HD_.aiff */,
				185582DF1FFF5B4300D8253C /* Sia_-_Ho_Ho_Ho.aiff */,
				185582D71FFF308400D8253C /* LocationPin.png */,
				1885295D1FFF279D008AFE22 /* AppDelegate.swift */,
				1885295F1FFF279D008AFE22 /* ViewController.swift */,
				185582D51FFF2BBC00D8253C /* NotificationManager.swift */,
				188529611FFF279D008AFE22 /* Main.storyboard */,
				188529641FFF279D008AFE22 /* Assets.xcassets */,
				188529661FFF279D008AFE22 /* LaunchScreen.storyboard */,
				188529691FFF279D008AFE22 /* Info.plist */,
			);
			path = Demo_PushNotification;
			sourceTree = "<group>";
		};
/* End PBXGroup section */

/* Begin PBXNativeTarget section */
		188529591FFF279D008AFE22 /* Demo_PushNotification */ = {
			isa = PBXNativeTarget;
			buildConfigurationList = 1885296C1FFF279D008AFE22 /* Build configuration list for PBXNativeTarget "Demo_PushNotification" */;
			buildPhases = (
				188529561FFF279D008AFE22 /* Sources */,
				188529571FFF279D008AFE22 /* Frameworks */,
				188529581FFF279D008AFE22 /* Resources */,
			);
			buildRules = (
			);
			dependencies = (
			);
			name = Demo_PushNotification;
			productName = Demo_PushNotification;
			productReference = 1885295A1FFF279D008AFE22 /* Demo_PushNotification.app */;
			productType = "com.apple.product-type.application";
		};
/* End PBXNativeTarget section */

/* Begin PBXProject section */
		188529521FFF279D008AFE22 /* Project object */ = {
			isa = PBXProject;
			attributes = {
				LastSwiftUpdateCheck = 0900;
				LastUpgradeCheck = 0900;
				ORGANIZATIONNAME = "ncatien167@gmail.com";
				TargetAttributes = {
					188529591FFF279D008AFE22 = {
						CreatedOnToolsVersion = 9.0;
						ProvisioningStyle = Automatic;
					};
				};
			};
			buildConfigurationList = 188529551FFF279D008AFE22 /* Build configuration list for PBXProject "Demo_PushNotification" */;
			compatibilityVersion = "Xcode 8.0";
			developmentRegion = en;
			hasScannedForEncodings = 0;
			knownRegions = (
				en,
				Base,
			);
			mainGroup = 188529511FFF279D008AFE22;
			productRefGroup = 1885295B1FFF279D008AFE22 /* Products */;
			projectDirPath = "";
			projectRoot = "";
			targets = (
				188529591FFF279D008AFE22 /* Demo_PushNotification */,
			);
		};
/* End PBXProject section */

/* Begin PBXResourcesBuildPhase section */
		188529581FFF279D008AFE22 /* Resources */ = {
			isa = PBXResourcesBuildPhase;
			buildActionMask = 2147483647;
			files = (
				188529681FFF279D008AFE22 /* LaunchScreen.storyboard in Resources */,
				188529651FFF279D008AFE22 /* Assets.xcassets in Resources */,
				185582E01FFF5B4500D8253C /* Sia_-_Ho_Ho_Ho.aiff in Resources */,
				185582E21FFF67F700D8253C /* Avicii_-_The_Nights_Lyrics_HD_.aiff in Resources */,
				185582D81FFF308900D8253C /* LocationPin.png in Resources */,
				188529631FFF279D008AFE22 /* Main.storyboard in Resources */,
			);
			runOnlyForDeploymentPostprocessing = 0;
		};
/* End PBXResourcesBuildPhase section */

/* Begin PBXSourcesBuildPhase section */
		188529561FFF279D008AFE22 /* Sources */ = {
			isa = PBXSourcesBuildPhase;
			buildActionMask = 2147483647;
			files = (
				185582D61FFF2BBC00D8253C /* NotificationManager.swift in Sources */,
				188529601FFF279D008AFE22 /* ViewController.swift in Sources */,
				1885295E1FFF279D008AFE22 /* AppDelegate.swift in Sources */,
			);
			runOnlyForDeploymentPostprocessing = 0;
		};
/* End PBXSourcesBuildPhase section */

/* Begin PBXVariantGroup section */
		188529611FFF279D008AFE22 /* Main.storyboard */ = {
			isa = PBXVariantGroup;
			children = (
				188529621FFF279D008AFE22 /* Base */,
			);
			name = Main.storyboard;
			sourceTree = "<group>";
		};
		188529661FFF279D008AFE22 /* LaunchScreen.storyboard */ = {
			isa = PBXVariantGroup;
			children = (
				188529671FFF279D008AFE22 /* Base */,
			);
			name = LaunchScreen.storyboard;
			sourceTree = "<group>";
		};
/* End PBXVariantGroup section */

/* Begin XCBuildConfiguration section */
		1885296A1FFF279D008AFE22 /* Debug */ = {
			isa = XCBuildConfiguration;
			buildSettings = {
				ALWAYS_SEARCH_USER_PATHS = NO;
				CLANG_ANALYZER_NONNULL = YES;
				CLANG_ANALYZER_NUMBER_OBJECT_CONVERSION = YES_AGGRESSIVE;
				CLANG_CXX_LANGUAGE_STANDARD = "gnu++14";
				CLANG_CXX_LIBRARY = "libc++";
				CLANG_ENABLE_MODULES = YES;
				CLANG_ENABLE_OBJC_ARC = YES;
				CLANG_WARN_BLOCK_CAPTURE_AUTORELEASING = YES;
				CLANG_WARN_BOOL_CONVERSION = YES;
				CLANG_WARN_COMMA = YES;
				CLANG_WARN_CONSTANT_CONVERSION = YES;
				CLANG_WARN_DIRECT_OBJC_ISA_USAGE = YES_ERROR;
				CLANG_WARN_DOCUMENTATION_COMMENTS = YES;
				CLANG_WARN_EMPTY_BODY = YES;
				CLANG_WARN_ENUM_CONVERSION = YES;
				CLANG_WARN_INFINITE_RECURSION = YES;
				CLANG_WARN_INT_CONVERSION = YES;
				CLANG_WARN_NON_LITERAL_NULL_CONVERSION = YES;
				CLANG_WARN_OBJC_LITERAL_CONVERSION = YES;
				CLANG_WARN_OBJC_ROOT_CLASS = YES_ERROR;
				CLANG_WARN_RANGE_LOOP_ANALYSIS = YES;
				CLANG_WARN_STRICT_PROTOTYPES = YES;
				CLANG_WARN_SUSPICIOUS_MOVE = YES;
				CLANG_WARN_UNGUARDED_AVAILABILITY = YES_AGGRESSIVE;
				CLANG_WARN_UNREACHABLE_CODE = YES;
				CLANG_WARN__DUPLICATE_METHOD_MATCH = YES;
				CODE_SIGN_IDENTITY = "iPhone Developer";
				COPY_PHASE_STRIP = NO;
				DEBUG_INFORMATION_FORMAT = dwarf;
				ENABLE_STRICT_OBJC_MSGSEND = YES;
				ENABLE_TESTABILITY = YES;
				GCC_C_LANGUAGE_STANDARD = gnu11;
				GCC_DYNAMIC_NO_PIC = NO;
				GCC_NO_COMMON_BLOCKS = YES;
				GCC_OPTIMIZATION_LEVEL = 0;
				GCC_PREPROCESSOR_DEFINITIONS = (
					"DEBUG=1",
					"$(inherited)",
				);
				GCC_WARN_64_TO_32_BIT_CONVERSION = YES;
				GCC_WARN_ABOUT_RETURN_TYPE = YES_ERROR;
				GCC_WARN_UNDECLARED_SELECTOR = YES;
				GCC_WARN_UNINITIALIZED_AUTOS = YES_AGGRESSIVE;
				GCC_WARN_UNUSED_FUNCTION = YES;
				GCC_WARN_UNUSED_VARIABLE = YES;
				IPHONEOS_DEPLOYMENT_TARGET = 11.0;
				MTL_ENABLE_DEBUG_INFO = YES;
				ONLY_ACTIVE_ARCH = YES;
				SDKROOT = iphoneos;
				SWIFT_ACTIVE_COMPILATION_CONDITIONS = DEBUG;
				SWIFT_OPTIMIZATION_LEVEL = "-Onone";
			};
			name = Debug;
		};
		1885296B1FFF279D008AFE22 /* Release */ = {
			isa = XCBuildConfiguration;
			buildSettings = {
				ALWAYS_SEARCH_USER_PATHS = NO;
				CLANG_ANALYZER_NONNULL = YES;
				CLANG_ANALYZER_NUMBER_OBJECT_CONVERSION = YES_AGGRESSIVE;
				CLANG_CXX_LANGUAGE_STANDARD = "gnu++14";
				CLANG_CXX_LIBRARY = "libc++";
				CLANG_ENABLE_MODULES = YES;
				CLANG_ENABLE_OBJC_ARC = YES;
				CLANG_WARN_BLOCK_CAPTURE_AUTORELEASING = YES;
				CLANG_WARN_BOOL_CONVERSION = YES;
				CLANG_WARN_COMMA = YES;
				CLANG_WARN_CONSTANT_CONVERSION = YES;
				CLANG_WARN_DIRECT_OBJC_ISA_USAGE = YES_ERROR;
				CLANG_WARN_DOCUMENTATION_COMMENTS = YES;
				CLANG_WARN_EMPTY_BODY = YES;
				CLANG_WARN_ENUM_CONVERSION = YES;
				CLANG_WARN_INFINITE_RECURSION = YES;
				CLANG_WARN_INT_CONVERSION = YES;
				CLANG_WARN_NON_LITERAL_NULL_CONVERSION = YES;
				CLANG_WARN_OBJC_LITERAL_CONVERSION = YES;
				CLANG_WARN_OBJC_ROOT_CLASS = YES_ERROR;
				CLANG_WARN_RANGE_LOOP_ANALYSIS = YES;
				CLANG_WARN_STRICT_PROTOTYPES = YES;
				CLANG_WARN_SUSPICIOUS_MOVE = YES;
				CLANG_WARN_UNGUARDED_AVAILABILITY = YES_AGGRESSIVE;
				CLANG_WARN_UNREACHABLE_CODE = YES;
				CLANG_WARN__DUPLICATE_METHOD_MATCH = YES;
				CODE_SIGN_IDENTITY = "iPhone Developer";
				COPY_PHASE_STRIP = NO;
				DEBUG_INFORMATION_FORMAT = "dwarf-with-dsym";
				ENABLE_NS_ASSERTIONS = NO;
				ENABLE_STRICT_OBJC_MSGSEND = YES;
				GCC_C_LANGUAGE_STANDARD = gnu11;
				GCC_NO_COMMON_BLOCKS = YES;
				GCC_WARN_64_TO_32_BIT_CONVERSION = YES;
				GCC_WARN_ABOUT_RETURN_TYPE = YES_ERROR;
				GCC_WARN_UNDECLARED_SELECTOR = YES;
				GCC_WARN_UNINITIALIZED_AUTOS = YES_AGGRESSIVE;
				GCC_WARN_UNUSED_FUNCTION = YES;
				GCC_WARN_UNUSED_VARIABLE = YES;
				IPHONEOS_DEPLOYMENT_TARGET = 11.0;
				MTL_ENABLE_DEBUG_INFO = NO;
				SDKROOT = iphoneos;
				SWIFT_OPTIMIZATION_LEVEL = "-Owholemodule";
				VALIDATE_PRODUCT = YES;
			};
			name = Release;
		};
		1885296D1FFF279D008AFE22 /* Debug */ = {
			isa = XCBuildConfiguration;
			buildSettings = {
				ASSETCATALOG_COMPILER_APPICON_NAME = AppIcon;
				CODE_SIGN_STYLE = Automatic;
				DEVELOPMENT_TEAM = WLA7NSR4E9;
				INFOPLIST_FILE = Demo_PushNotification/Info.plist;
				LD_RUNPATH_SEARCH_PATHS = "$(inherited) @executable_path/Frameworks";
				PRODUCT_BUNDLE_IDENTIFIER = "AnhTien.Demo-PushNotification";
				PRODUCT_NAME = "$(TARGET_NAME)";
				SWIFT_VERSION = 4.0;
				TARGETED_DEVICE_FAMILY = "1,2";
			};
			name = Debug;
		};
		1885296E1FFF279D008AFE22 /* Release */ = {
			isa = XCBuildConfiguration;
			buildSettings = {
				ASSETCATALOG_COMPILER_APPICON_NAME = AppIcon;
				CODE_SIGN_STYLE = Automatic;
				DEVELOPMENT_TEAM = WLA7NSR4E9;
				INFOPLIST_FILE = Demo_PushNotification/Info.plist;
				LD_RUNPATH_SEARCH_PATHS = "$(inherited) @executable_path/Frameworks";
				PRODUCT_BUNDLE_IDENTIFIER = "AnhTien.Demo-PushNotification";
				PRODUCT_NAME = "$(TARGET_NAME)";
				SWIFT_VERSION = 4.0;
				TARGETED_DEVICE_FAMILY = "1,2";
			};
			name = Release;
		};
/* End XCBuildConfiguration section */

/* Begin XCConfigurationList section */
		188529551FFF279D008AFE22 /* Build configuration list for PBXProject "Demo_PushNotification" */ = {
			isa = XCConfigurationList;
			buildConfigurations = (
				1885296A1FFF279D008AFE22 /* Debug */,
				1885296B1FFF279D008AFE22 /* Release */,
			);
			defaultConfigurationIsVisible = 0;
			defaultConfigurationName = Release;
		};
		1885296C1FFF279D008AFE22 /* Build configuration list for PBXNativeTarget "Demo_PushNotification" */ = {
			isa = XCConfigurationList;
			buildConfigurations = (
				1885296D1FFF279D008AFE22 /* Debug */,
				1885296E1FFF279D008AFE22 /* Release */,
			);
			defaultConfigurationIsVisible = 0;
			defaultConfigurationName = Release;
		};
/* End XCConfigurationList section */
	};
	rootObject = 188529521FFF279D008AFE22 /* Project object */;
}
